
Microsoft Visual Studio Solution File, Format Version 12.00
# Visual Studio Version 17
VisualStudioVersion = 17.5.33516.290
MinimumVisualStudioVersion = 10.0.40219.1
Project("{FAE04EC0-301F-11D3-BF4B-00C04F79EFBC}") = "CryptoServer", "CryptoServer.csproj", "{A328F7AF-191E-4249-B94C-52D095F7853D}"
EndProject
Global
	GlobalSection(SolutionConfigurationPlatforms) = preSolution
		Debug|Any CPU = Debug|Any CPU
		Release|Any CPU = Release|Any CPU
	EndGlobalSection
	GlobalSection(ProjectConfigurationPlatforms) = postSolution
		{A328F7AF-191E-4249-B94C-52D095F7853D}.Debug|Any CPU.ActiveCfg = Debug|Any CPU
		{A328F7AF-191E-4249-B94C-52D095F7853D}.Debug|Any CPU.Build.0 = Debug|Any CPU
		{A328F7AF-191E-4249-B94C-52D095F7853D}.Release|Any CPU.ActiveCfg = Release|Any CPU
		{A328F7AF-191E-4249-B94C-52D095F7853D}.Release|Any CPU.Build.0 = Release|Any CPU
	EndGlobalSection
	GlobalSection(SolutionProperties) = preSolution
		HideSolutionNode = FALSE
	EndGlobalSection
	GlobalSection(ExtensibilityGlobals) = postSolution
		SolutionGuid = {6C53B6DA-EDAB-44A2-B6D3-6B963151D855}
	EndGlobalSection
EndGlobal
